
Microsoft Visual Studio Solution File, Format Version 12.00
# Visual Studio Version 17
VisualStudioVersion = 17.8.34330.188
MinimumVisualStudioVersion = 10.0.40219.1
Project("{9A19103F-16F7-4668-BE54-9A1E7A4F7556}") = "函数", "函数\函数.csproj", "{9A9A5197-A85A-43D2-91DA-379CA13F9EE0}"
EndProject
Project("{9A19103F-16F7-4668-BE54-9A1E7A4F7556}") = "C#四部曲-入门实践", "C#四部曲-入门实践\C#四部曲-入门实践.csproj", "{4C2DE16B-1AA9-40CC-AB00-CFEA7F8411DB}"
EndProject
Project("{FAE04EC0-301F-11D3-BF4B-00C04F79EFBC}") = "C#基础实践", "C#基础实践\C#基础实践.csproj", "{061ED035-7D59-492C-A58C-63A81E46DBA5}"
EndProject
Global
	GlobalSection(SolutionConfigurationPlatforms) = preSolution
		Debug|Any CPU = Debug|Any CPU
		Release|Any CPU = Release|Any CPU
	EndGlobalSection
	GlobalSection(ProjectConfigurationPlatforms) = postSolution
		{9A9A5197-A85A-43D2-91DA-379CA13F9EE0}.Debug|Any CPU.ActiveCfg = Debug|Any CPU
		{9A9A5197-A85A-43D2-91DA-379CA13F9EE0}.Debug|Any CPU.Build.0 = Debug|Any CPU
		{9A9A5197-A85A-43D2-91DA-379CA13F9EE0}.Release|Any CPU.ActiveCfg = Release|Any CPU
		{9A9A5197-A85A-43D2-91DA-379CA13F9EE0}.Release|Any CPU.Build.0 = Release|Any CPU
		{4C2DE16B-1AA9-40CC-AB00-CFEA7F8411DB}.Debug|Any CPU.ActiveCfg = Debug|Any CPU
		{4C2DE16B-1AA9-40CC-AB00-CFEA7F8411DB}.Debug|Any CPU.Build.0 = Debug|Any CPU
		{4C2DE16B-1AA9-40CC-AB00-CFEA7F8411DB}.Release|Any CPU.ActiveCfg = Release|Any CPU
		{4C2DE16B-1AA9-40CC-AB00-CFEA7F8411DB}.Release|Any CPU.Build.0 = Release|Any CPU
		{061ED035-7D59-492C-A58C-63A81E46DBA5}.Debug|Any CPU.ActiveCfg = Debug|Any CPU
		{061ED035-7D59-492C-A58C-63A81E46DBA5}.Debug|Any CPU.Build.0 = Debug|Any CPU
		{061ED035-7D59-492C-A58C-63A81E46DBA5}.Release|Any CPU.ActiveCfg = Release|Any CPU
		{061ED035-7D59-492C-A58C-63A81E46DBA5}.Release|Any CPU.Build.0 = Release|Any CPU
	EndGlobalSection
	GlobalSection(SolutionProperties) = preSolution
		HideSolutionNode = FALSE
	EndGlobalSection
	GlobalSection(ExtensibilityGlobals) = postSolution
		SolutionGuid = {81F13D60-BCE4-4A59-923D-2B6F971BB293}
	EndGlobalSection
EndGlobal
