
Microsoft Visual Studio Solution File, Format Version 12.00
# Visual Studio Version 17
VisualStudioVersion = 17.8.34330.188
MinimumVisualStudioVersion = 10.0.40219.1
Project("{9A19103F-16F7-4668-BE54-9A1E7A4F7556}") = "函数", "函数\函数.csproj", "{B173CF3D-7D23-47DE-9314-72B9CADF3D84}"
EndProject
Project("{9A19103F-16F7-4668-BE54-9A1E7A4F7556}") = "ref和out", "ref和out\ref和out.csproj", "{C5E27599-E257-4CEF-BC9A-E6D07D822B02}"
EndProject
Project("{9A19103F-16F7-4668-BE54-9A1E7A4F7556}") = "函数重载", "函数重载\函数重载.csproj", "{3FD763D5-9A53-4E43-88EA-70C991F47578}"
EndProject
Project("{9A19103F-16F7-4668-BE54-9A1E7A4F7556}") = "递归函数", "递归函数\递归函数.csproj", "{ABB58FCF-67FB-4D91-8BFF-4A16A8D23D1A}"
EndProject
Project("{9A19103F-16F7-4668-BE54-9A1E7A4F7556}") = "结构体", "结构体\结构体.csproj", "{A6817D96-5131-45D7-962B-8AB5E5B84D56}"
EndProject
Project("{9A19103F-16F7-4668-BE54-9A1E7A4F7556}") = "入门实践", "入门实践\入门实践.csproj", "{7E6C6916-7EE1-49E4-BBB2-A8013FD054ED}"
EndProject
Project("{9A19103F-16F7-4668-BE54-9A1E7A4F7556}") = "排序", "排序\排序.csproj", "{D1D2B13F-9E7E-45C0-8A3A-DACC17B6F9A3}"
EndProject
Project("{9A19103F-16F7-4668-BE54-9A1E7A4F7556}") = "基础实践", "基础实践\基础实践.csproj", "{B3D2EFBD-76F1-46A4-871B-F310B3F87773}"
EndProject
Project("{2150E333-8FDC-42A3-9474-1A3956D46DE8}") = "基础", "基础", "{C2C2CE63-E0E6-491B-A1F5-A8B0188AA52D}"
EndProject
Project("{9A19103F-16F7-4668-BE54-9A1E7A4F7556}") = "构造函数和析构函数", "构造函数和析构函数\构造函数和析构函数.csproj", "{6FDC9501-3F03-4147-8874-3A3548BA6849}"
EndProject
Project("{9A19103F-16F7-4668-BE54-9A1E7A4F7556}") = "核心实践", "核心实践\核心实践.csproj", "{A9FF1F6F-E70F-49C9-A72F-B1ADB6C5DD56}"
EndProject
Project("{9A19103F-16F7-4668-BE54-9A1E7A4F7556}") = "成员属性", "成员属性\成员属性.csproj", "{6FF6EB48-BBF9-4426-BC14-4D4855F20FBD}"
EndProject
Project("{9A19103F-16F7-4668-BE54-9A1E7A4F7556}") = "索引器", "索引器\索引器.csproj", "{68058FD0-84DA-4566-80E0-A6B0F2EAE9A9}"
EndProject
Project("{9A19103F-16F7-4668-BE54-9A1E7A4F7556}") = "静态成员", "静态成员\静态成员.csproj", "{5327FF3D-C2C8-4DDF-9080-49CFDDEF6D6B}"
EndProject
Project("{2150E333-8FDC-42A3-9474-1A3956D46DE8}") = "核心", "核心", "{B6E560F1-0071-4B2D-BF2A-B4235E2A7C1C}"
EndProject
Project("{9A19103F-16F7-4668-BE54-9A1E7A4F7556}") = "静态类和静态构造函数", "静态类和静态构造函数\静态类和静态构造函数.csproj", "{5624C001-35B4-41EB-92BF-F46DC7E71BA0}"
EndProject
Project("{9A19103F-16F7-4668-BE54-9A1E7A4F7556}") = "拓展方法", "拓展方法\拓展方法.csproj", "{6DD0F497-6958-47BF-9B6F-C144A27C58C9}"
EndProject
Project("{9A19103F-16F7-4668-BE54-9A1E7A4F7556}") = "运算符重载", "运算符重载\运算符重载.csproj", "{E1786837-31D9-451D-A3A6-D48F3517BC60}"
EndProject
Project("{9A19103F-16F7-4668-BE54-9A1E7A4F7556}") = "内部类和分部类", "内部类和分部类\内部类和分部类.csproj", "{257ED76B-512A-4DA9-85A4-490D0A1937F8}"
EndProject
Project("{2150E333-8FDC-42A3-9474-1A3956D46DE8}") = "封装", "封装", "{4FC92838-0715-46BF-B785-A569E6AD59FB}"
EndProject
Project("{2150E333-8FDC-42A3-9474-1A3956D46DE8}") = "继承", "继承", "{B421693E-7DD2-43A9-827B-C89EF332B867}"
EndProject
Project("{2150E333-8FDC-42A3-9474-1A3956D46DE8}") = "多态", "多态", "{677D5D24-E1D2-4F78-BAE0-F94446FEEABF}"
EndProject
Project("{FAE04EC0-301F-11D3-BF4B-00C04F79EFBC}") = "继承的基本规则", "继承的基本规则\继承的基本规则.csproj", "{4EDAFB21-A928-47D7-8DE6-D57AB6DCBEBD}"
EndProject
Project("{FAE04EC0-301F-11D3-BF4B-00C04F79EFBC}") = "里氏替换原则", "里氏替换原则\里氏替换原则.csproj", "{5B6AE497-1D98-4218-B912-42B37D63F578}"
EndProject
Project("{FAE04EC0-301F-11D3-BF4B-00C04F79EFBC}") = "继承中的构造函数", "继承中的构造函数\继承中的构造函数.csproj", "{7F525175-9806-4B78-935F-C1A191AD91A0}"
EndProject
Project("{FAE04EC0-301F-11D3-BF4B-00C04F79EFBC}") = "万物之父和装箱拆箱", "万物之父和装箱拆箱\万物之父和装箱拆箱.csproj", "{C5B3F7A7-9AE3-4AD3-8CDF-8685B5E6DCCD}"
EndProject
Project("{FAE04EC0-301F-11D3-BF4B-00C04F79EFBC}") = "密封类", "密封类\密封类.csproj", "{70490983-FBDC-4CEF-81CE-CBF46612D66C}"
EndProject
Global
	GlobalSection(SolutionConfigurationPlatforms) = preSolution
		Debug|Any CPU = Debug|Any CPU
		Release|Any CPU = Release|Any CPU
	EndGlobalSection
	GlobalSection(ProjectConfigurationPlatforms) = postSolution
		{B173CF3D-7D23-47DE-9314-72B9CADF3D84}.Debug|Any CPU.ActiveCfg = Debug|Any CPU
		{B173CF3D-7D23-47DE-9314-72B9CADF3D84}.Debug|Any CPU.Build.0 = Debug|Any CPU
		{B173CF3D-7D23-47DE-9314-72B9CADF3D84}.Release|Any CPU.ActiveCfg = Release|Any CPU
		{B173CF3D-7D23-47DE-9314-72B9CADF3D84}.Release|Any CPU.Build.0 = Release|Any CPU
		{C5E27599-E257-4CEF-BC9A-E6D07D822B02}.Debug|Any CPU.ActiveCfg = Debug|Any CPU
		{C5E27599-E257-4CEF-BC9A-E6D07D822B02}.Debug|Any CPU.Build.0 = Debug|Any CPU
		{C5E27599-E257-4CEF-BC9A-E6D07D822B02}.Release|Any CPU.ActiveCfg = Release|Any CPU
		{C5E27599-E257-4CEF-BC9A-E6D07D822B02}.Release|Any CPU.Build.0 = Release|Any CPU
		{3FD763D5-9A53-4E43-88EA-70C991F47578}.Debug|Any CPU.ActiveCfg = Debug|Any CPU
		{3FD763D5-9A53-4E43-88EA-70C991F47578}.Debug|Any CPU.Build.0 = Debug|Any CPU
		{3FD763D5-9A53-4E43-88EA-70C991F47578}.Release|Any CPU.ActiveCfg = Release|Any CPU
		{3FD763D5-9A53-4E43-88EA-70C991F47578}.Release|Any CPU.Build.0 = Release|Any CPU
		{ABB58FCF-67FB-4D91-8BFF-4A16A8D23D1A}.Debug|Any CPU.ActiveCfg = Debug|Any CPU
		{ABB58FCF-67FB-4D91-8BFF-4A16A8D23D1A}.Debug|Any CPU.Build.0 = Debug|Any CPU
		{ABB58FCF-67FB-4D91-8BFF-4A16A8D23D1A}.Release|Any CPU.ActiveCfg = Release|Any CPU
		{ABB58FCF-67FB-4D91-8BFF-4A16A8D23D1A}.Release|Any CPU.Build.0 = Release|Any CPU
		{A6817D96-5131-45D7-962B-8AB5E5B84D56}.Debug|Any CPU.ActiveCfg = Debug|Any CPU
		{A6817D96-5131-45D7-962B-8AB5E5B84D56}.Debug|Any CPU.Build.0 = Debug|Any CPU
		{A6817D96-5131-45D7-962B-8AB5E5B84D56}.Release|Any CPU.ActiveCfg = Release|Any CPU
		{A6817D96-5131-45D7-962B-8AB5E5B84D56}.Release|Any CPU.Build.0 = Release|Any CPU
		{7E6C6916-7EE1-49E4-BBB2-A8013FD054ED}.Debug|Any CPU.ActiveCfg = Debug|Any CPU
		{7E6C6916-7EE1-49E4-BBB2-A8013FD054ED}.Debug|Any CPU.Build.0 = Debug|Any CPU
		{7E6C6916-7EE1-49E4-BBB2-A8013FD054ED}.Release|Any CPU.ActiveCfg = Release|Any CPU
		{7E6C6916-7EE1-49E4-BBB2-A8013FD054ED}.Release|Any CPU.Build.0 = Release|Any CPU
		{D1D2B13F-9E7E-45C0-8A3A-DACC17B6F9A3}.Debug|Any CPU.ActiveCfg = Debug|Any CPU
		{D1D2B13F-9E7E-45C0-8A3A-DACC17B6F9A3}.Debug|Any CPU.Build.0 = Debug|Any CPU
		{D1D2B13F-9E7E-45C0-8A3A-DACC17B6F9A3}.Release|Any CPU.ActiveCfg = Release|Any CPU
		{D1D2B13F-9E7E-45C0-8A3A-DACC17B6F9A3}.Release|Any CPU.Build.0 = Release|Any CPU
		{B3D2EFBD-76F1-46A4-871B-F310B3F87773}.Debug|Any CPU.ActiveCfg = Debug|Any CPU
		{B3D2EFBD-76F1-46A4-871B-F310B3F87773}.Debug|Any CPU.Build.0 = Debug|Any CPU
		{B3D2EFBD-76F1-46A4-871B-F310B3F87773}.Release|Any CPU.ActiveCfg = Release|Any CPU
		{B3D2EFBD-76F1-46A4-871B-F310B3F87773}.Release|Any CPU.Build.0 = Release|Any CPU
		{6FDC9501-3F03-4147-8874-3A3548BA6849}.Debug|Any CPU.ActiveCfg = Debug|Any CPU
		{6FDC9501-3F03-4147-8874-3A3548BA6849}.Debug|Any CPU.Build.0 = Debug|Any CPU
		{6FDC9501-3F03-4147-8874-3A3548BA6849}.Release|Any CPU.ActiveCfg = Release|Any CPU
		{6FDC9501-3F03-4147-8874-3A3548BA6849}.Release|Any CPU.Build.0 = Release|Any CPU
		{A9FF1F6F-E70F-49C9-A72F-B1ADB6C5DD56}.Debug|Any CPU.ActiveCfg = Debug|Any CPU
		{A9FF1F6F-E70F-49C9-A72F-B1ADB6C5DD56}.Debug|Any CPU.Build.0 = Debug|Any CPU
		{A9FF1F6F-E70F-49C9-A72F-B1ADB6C5DD56}.Release|Any CPU.ActiveCfg = Release|Any CPU
		{A9FF1F6F-E70F-49C9-A72F-B1ADB6C5DD56}.Release|Any CPU.Build.0 = Release|Any CPU
		{6FF6EB48-BBF9-4426-BC14-4D4855F20FBD}.Debug|Any CPU.ActiveCfg = Debug|Any CPU
		{6FF6EB48-BBF9-4426-BC14-4D4855F20FBD}.Debug|Any CPU.Build.0 = Debug|Any CPU
		{6FF6EB48-BBF9-4426-BC14-4D4855F20FBD}.Release|Any CPU.ActiveCfg = Release|Any CPU
		{6FF6EB48-BBF9-4426-BC14-4D4855F20FBD}.Release|Any CPU.Build.0 = Release|Any CPU
		{68058FD0-84DA-4566-80E0-A6B0F2EAE9A9}.Debug|Any CPU.ActiveCfg = Debug|Any CPU
		{68058FD0-84DA-4566-80E0-A6B0F2EAE9A9}.Debug|Any CPU.Build.0 = Debug|Any CPU
		{68058FD0-84DA-4566-80E0-A6B0F2EAE9A9}.Release|Any CPU.ActiveCfg = Release|Any CPU
		{68058FD0-84DA-4566-80E0-A6B0F2EAE9A9}.Release|Any CPU.Build.0 = Release|Any CPU
		{5327FF3D-C2C8-4DDF-9080-49CFDDEF6D6B}.Debug|Any CPU.ActiveCfg = Debug|Any CPU
		{5327FF3D-C2C8-4DDF-9080-49CFDDEF6D6B}.Debug|Any CPU.Build.0 = Debug|Any CPU
		{5327FF3D-C2C8-4DDF-9080-49CFDDEF6D6B}.Release|Any CPU.ActiveCfg = Release|Any CPU
		{5327FF3D-C2C8-4DDF-9080-49CFDDEF6D6B}.Release|Any CPU.Build.0 = Release|Any CPU
		{5624C001-35B4-41EB-92BF-F46DC7E71BA0}.Debug|Any CPU.ActiveCfg = Debug|Any CPU
		{5624C001-35B4-41EB-92BF-F46DC7E71BA0}.Debug|Any CPU.Build.0 = Debug|Any CPU
		{5624C001-35B4-41EB-92BF-F46DC7E71BA0}.Release|Any CPU.ActiveCfg = Release|Any CPU
		{5624C001-35B4-41EB-92BF-F46DC7E71BA0}.Release|Any CPU.Build.0 = Release|Any CPU
		{6DD0F497-6958-47BF-9B6F-C144A27C58C9}.Debug|Any CPU.ActiveCfg = Debug|Any CPU
		{6DD0F497-6958-47BF-9B6F-C144A27C58C9}.Debug|Any CPU.Build.0 = Debug|Any CPU
		{6DD0F497-6958-47BF-9B6F-C144A27C58C9}.Release|Any CPU.ActiveCfg = Release|Any CPU
		{6DD0F497-6958-47BF-9B6F-C144A27C58C9}.Release|Any CPU.Build.0 = Release|Any CPU
		{E1786837-31D9-451D-A3A6-D48F3517BC60}.Debug|Any CPU.ActiveCfg = Debug|Any CPU
		{E1786837-31D9-451D-A3A6-D48F3517BC60}.Debug|Any CPU.Build.0 = Debug|Any CPU
		{E1786837-31D9-451D-A3A6-D48F3517BC60}.Release|Any CPU.ActiveCfg = Release|Any CPU
		{E1786837-31D9-451D-A3A6-D48F3517BC60}.Release|Any CPU.Build.0 = Release|Any CPU
		{257ED76B-512A-4DA9-85A4-490D0A1937F8}.Debug|Any CPU.ActiveCfg = Debug|Any CPU
		{257ED76B-512A-4DA9-85A4-490D0A1937F8}.Debug|Any CPU.Build.0 = Debug|Any CPU
		{257ED76B-512A-4DA9-85A4-490D0A1937F8}.Release|Any CPU.ActiveCfg = Release|Any CPU
		{257ED76B-512A-4DA9-85A4-490D0A1937F8}.Release|Any CPU.Build.0 = Release|Any CPU
		{4EDAFB21-A928-47D7-8DE6-D57AB6DCBEBD}.Debug|Any CPU.ActiveCfg = Debug|Any CPU
		{4EDAFB21-A928-47D7-8DE6-D57AB6DCBEBD}.Debug|Any CPU.Build.0 = Debug|Any CPU
		{4EDAFB21-A928-47D7-8DE6-D57AB6DCBEBD}.Release|Any CPU.ActiveCfg = Release|Any CPU
		{4EDAFB21-A928-47D7-8DE6-D57AB6DCBEBD}.Release|Any CPU.Build.0 = Release|Any CPU
		{5B6AE497-1D98-4218-B912-42B37D63F578}.Debug|Any CPU.ActiveCfg = Debug|Any CPU
		{5B6AE497-1D98-4218-B912-42B37D63F578}.Debug|Any CPU.Build.0 = Debug|Any CPU
		{5B6AE497-1D98-4218-B912-42B37D63F578}.Release|Any CPU.ActiveCfg = Release|Any CPU
		{5B6AE497-1D98-4218-B912-42B37D63F578}.Release|Any CPU.Build.0 = Release|Any CPU
		{7F525175-9806-4B78-935F-C1A191AD91A0}.Debug|Any CPU.ActiveCfg = Debug|Any CPU
		{7F525175-9806-4B78-935F-C1A191AD91A0}.Debug|Any CPU.Build.0 = Debug|Any CPU
		{7F525175-9806-4B78-935F-C1A191AD91A0}.Release|Any CPU.ActiveCfg = Release|Any CPU
		{7F525175-9806-4B78-935F-C1A191AD91A0}.Release|Any CPU.Build.0 = Release|Any CPU
		{C5B3F7A7-9AE3-4AD3-8CDF-8685B5E6DCCD}.Debug|Any CPU.ActiveCfg = Debug|Any CPU
		{C5B3F7A7-9AE3-4AD3-8CDF-8685B5E6DCCD}.Debug|Any CPU.Build.0 = Debug|Any CPU
		{C5B3F7A7-9AE3-4AD3-8CDF-8685B5E6DCCD}.Release|Any CPU.ActiveCfg = Release|Any CPU
		{C5B3F7A7-9AE3-4AD3-8CDF-8685B5E6DCCD}.Release|Any CPU.Build.0 = Release|Any CPU
		{70490983-FBDC-4CEF-81CE-CBF46612D66C}.Debug|Any CPU.ActiveCfg = Debug|Any CPU
		{70490983-FBDC-4CEF-81CE-CBF46612D66C}.Debug|Any CPU.Build.0 = Debug|Any CPU
		{70490983-FBDC-4CEF-81CE-CBF46612D66C}.Release|Any CPU.ActiveCfg = Release|Any CPU
		{70490983-FBDC-4CEF-81CE-CBF46612D66C}.Release|Any CPU.Build.0 = Release|Any CPU
	EndGlobalSection
	GlobalSection(SolutionProperties) = preSolution
		HideSolutionNode = FALSE
	EndGlobalSection
	GlobalSection(NestedProjects) = preSolution
		{B173CF3D-7D23-47DE-9314-72B9CADF3D84} = {C2C2CE63-E0E6-491B-A1F5-A8B0188AA52D}
		{C5E27599-E257-4CEF-BC9A-E6D07D822B02} = {C2C2CE63-E0E6-491B-A1F5-A8B0188AA52D}
		{3FD763D5-9A53-4E43-88EA-70C991F47578} = {C2C2CE63-E0E6-491B-A1F5-A8B0188AA52D}
		{ABB58FCF-67FB-4D91-8BFF-4A16A8D23D1A} = {C2C2CE63-E0E6-491B-A1F5-A8B0188AA52D}
		{A6817D96-5131-45D7-962B-8AB5E5B84D56} = {C2C2CE63-E0E6-491B-A1F5-A8B0188AA52D}
		{D1D2B13F-9E7E-45C0-8A3A-DACC17B6F9A3} = {C2C2CE63-E0E6-491B-A1F5-A8B0188AA52D}
		{6FDC9501-3F03-4147-8874-3A3548BA6849} = {4FC92838-0715-46BF-B785-A569E6AD59FB}
		{6FF6EB48-BBF9-4426-BC14-4D4855F20FBD} = {4FC92838-0715-46BF-B785-A569E6AD59FB}
		{68058FD0-84DA-4566-80E0-A6B0F2EAE9A9} = {4FC92838-0715-46BF-B785-A569E6AD59FB}
		{5327FF3D-C2C8-4DDF-9080-49CFDDEF6D6B} = {4FC92838-0715-46BF-B785-A569E6AD59FB}
		{5624C001-35B4-41EB-92BF-F46DC7E71BA0} = {4FC92838-0715-46BF-B785-A569E6AD59FB}
		{6DD0F497-6958-47BF-9B6F-C144A27C58C9} = {4FC92838-0715-46BF-B785-A569E6AD59FB}
		{E1786837-31D9-451D-A3A6-D48F3517BC60} = {4FC92838-0715-46BF-B785-A569E6AD59FB}
		{257ED76B-512A-4DA9-85A4-490D0A1937F8} = {4FC92838-0715-46BF-B785-A569E6AD59FB}
		{4FC92838-0715-46BF-B785-A569E6AD59FB} = {B6E560F1-0071-4B2D-BF2A-B4235E2A7C1C}
		{B421693E-7DD2-43A9-827B-C89EF332B867} = {B6E560F1-0071-4B2D-BF2A-B4235E2A7C1C}
		{677D5D24-E1D2-4F78-BAE0-F94446FEEABF} = {B6E560F1-0071-4B2D-BF2A-B4235E2A7C1C}
		{4EDAFB21-A928-47D7-8DE6-D57AB6DCBEBD} = {B421693E-7DD2-43A9-827B-C89EF332B867}
		{5B6AE497-1D98-4218-B912-42B37D63F578} = {B421693E-7DD2-43A9-827B-C89EF332B867}
		{7F525175-9806-4B78-935F-C1A191AD91A0} = {B421693E-7DD2-43A9-827B-C89EF332B867}
		{C5B3F7A7-9AE3-4AD3-8CDF-8685B5E6DCCD} = {B421693E-7DD2-43A9-827B-C89EF332B867}
		{70490983-FBDC-4CEF-81CE-CBF46612D66C} = {B421693E-7DD2-43A9-827B-C89EF332B867}
	EndGlobalSection
	GlobalSection(ExtensibilityGlobals) = postSolution
		SolutionGuid = {E61C8681-BBFA-46E5-AEBB-E261692EC522}
	EndGlobalSection
EndGlobal
