
Microsoft Visual Studio Solution File, Format Version 12.00
# Visual Studio Version 17
VisualStudioVersion = 17.8.34330.188
MinimumVisualStudioVersion = 10.0.40219.1
Project("{9A19103F-16F7-4668-BE54-9A1E7A4F7556}") = "函数", "函数\函数.csproj", "{B173CF3D-7D23-47DE-9314-72B9CADF3D84}"
EndProject
Project("{9A19103F-16F7-4668-BE54-9A1E7A4F7556}") = "ref和out", "ref和out\ref和out.csproj", "{C5E27599-E257-4CEF-BC9A-E6D07D822B02}"
EndProject
Project("{9A19103F-16F7-4668-BE54-9A1E7A4F7556}") = "函数重载", "函数重载\函数重载.csproj", "{3FD763D5-9A53-4E43-88EA-70C991F47578}"
EndProject
Project("{9A19103F-16F7-4668-BE54-9A1E7A4F7556}") = "递归函数", "递归函数\递归函数.csproj", "{ABB58FCF-67FB-4D91-8BFF-4A16A8D23D1A}"
EndProject
Project("{9A19103F-16F7-4668-BE54-9A1E7A4F7556}") = "结构体", "结构体\结构体.csproj", "{A6817D96-5131-45D7-962B-8AB5E5B84D56}"
EndProject
Project("{9A19103F-16F7-4668-BE54-9A1E7A4F7556}") = "入门实践控制台小游戏", "入门实践\入门实践控制台小游戏.csproj", "{7E6C6916-7EE1-49E4-BBB2-A8013FD054ED}"
EndProject
Project("{9A19103F-16F7-4668-BE54-9A1E7A4F7556}") = "排序", "排序\排序.csproj", "{D1D2B13F-9E7E-45C0-8A3A-DACC17B6F9A3}"
EndProject
Project("{9A19103F-16F7-4668-BE54-9A1E7A4F7556}") = "基础实践飞行棋", "基础实践\基础实践飞行棋.csproj", "{B3D2EFBD-76F1-46A4-871B-F310B3F87773}"
EndProject
Project("{2150E333-8FDC-42A3-9474-1A3956D46DE8}") = "基础", "基础", "{C2C2CE63-E0E6-491B-A1F5-A8B0188AA52D}"
EndProject
Project("{9A19103F-16F7-4668-BE54-9A1E7A4F7556}") = "构造函数和析构函数", "构造函数和析构函数\构造函数和析构函数.csproj", "{6FDC9501-3F03-4147-8874-3A3548BA6849}"
EndProject
Project("{9A19103F-16F7-4668-BE54-9A1E7A4F7556}") = "核心实践贪吃蛇", "核心实践\核心实践贪吃蛇.csproj", "{A9FF1F6F-E70F-49C9-A72F-B1ADB6C5DD56}"
EndProject
Project("{9A19103F-16F7-4668-BE54-9A1E7A4F7556}") = "成员属性", "成员属性\成员属性.csproj", "{6FF6EB48-BBF9-4426-BC14-4D4855F20FBD}"
EndProject
Project("{9A19103F-16F7-4668-BE54-9A1E7A4F7556}") = "索引器", "索引器\索引器.csproj", "{68058FD0-84DA-4566-80E0-A6B0F2EAE9A9}"
EndProject
Project("{9A19103F-16F7-4668-BE54-9A1E7A4F7556}") = "静态成员", "静态成员\静态成员.csproj", "{5327FF3D-C2C8-4DDF-9080-49CFDDEF6D6B}"
EndProject
Project("{2150E333-8FDC-42A3-9474-1A3956D46DE8}") = "核心", "核心", "{B6E560F1-0071-4B2D-BF2A-B4235E2A7C1C}"
EndProject
Project("{9A19103F-16F7-4668-BE54-9A1E7A4F7556}") = "静态类和静态构造函数", "静态类和静态构造函数\静态类和静态构造函数.csproj", "{5624C001-35B4-41EB-92BF-F46DC7E71BA0}"
EndProject
Project("{9A19103F-16F7-4668-BE54-9A1E7A4F7556}") = "拓展方法", "拓展方法\拓展方法.csproj", "{6DD0F497-6958-47BF-9B6F-C144A27C58C9}"
EndProject
Project("{9A19103F-16F7-4668-BE54-9A1E7A4F7556}") = "运算符重载", "运算符重载\运算符重载.csproj", "{E1786837-31D9-451D-A3A6-D48F3517BC60}"
EndProject
Project("{9A19103F-16F7-4668-BE54-9A1E7A4F7556}") = "内部类和分部类", "内部类和分部类\内部类和分部类.csproj", "{257ED76B-512A-4DA9-85A4-490D0A1937F8}"
EndProject
Project("{2150E333-8FDC-42A3-9474-1A3956D46DE8}") = "封装", "封装", "{4FC92838-0715-46BF-B785-A569E6AD59FB}"
EndProject
Project("{2150E333-8FDC-42A3-9474-1A3956D46DE8}") = "继承", "继承", "{B421693E-7DD2-43A9-827B-C89EF332B867}"
EndProject
Project("{2150E333-8FDC-42A3-9474-1A3956D46DE8}") = "多态", "多态", "{677D5D24-E1D2-4F78-BAE0-F94446FEEABF}"
EndProject
Project("{9A19103F-16F7-4668-BE54-9A1E7A4F7556}") = "继承的基本规则", "继承的基本规则\继承的基本规则.csproj", "{4EDAFB21-A928-47D7-8DE6-D57AB6DCBEBD}"
EndProject
Project("{9A19103F-16F7-4668-BE54-9A1E7A4F7556}") = "里氏替换原则", "里氏替换原则\里氏替换原则.csproj", "{5B6AE497-1D98-4218-B912-42B37D63F578}"
EndProject
Project("{9A19103F-16F7-4668-BE54-9A1E7A4F7556}") = "继承中的构造函数", "继承中的构造函数\继承中的构造函数.csproj", "{7F525175-9806-4B78-935F-C1A191AD91A0}"
EndProject
Project("{9A19103F-16F7-4668-BE54-9A1E7A4F7556}") = "万物之父和装箱拆箱", "万物之父和装箱拆箱\万物之父和装箱拆箱.csproj", "{C5B3F7A7-9AE3-4AD3-8CDF-8685B5E6DCCD}"
EndProject
Project("{9A19103F-16F7-4668-BE54-9A1E7A4F7556}") = "密封类", "密封类\密封类.csproj", "{70490983-FBDC-4CEF-81CE-CBF46612D66C}"
EndProject
Project("{9A19103F-16F7-4668-BE54-9A1E7A4F7556}") = "Vob(virtual虚方法,override重写,base父类)", "Vob(virtual虚方法,override重写,base父类)\Vob(virtual虚方法,override重写,base父类).csproj", "{C7167E54-F730-4463-A21F-AEB65E17ADD0}"
EndProject
Project("{9A19103F-16F7-4668-BE54-9A1E7A4F7556}") = "抽象类和抽象方法", "抽象类和抽象方法\抽象类和抽象方法.csproj", "{2F2D1102-0CBF-42F5-A160-D8533616B04E}"
EndProject
Project("{9A19103F-16F7-4668-BE54-9A1E7A4F7556}") = "接口", "接口\接口.csproj", "{5FEEF1EA-3448-4A87-9C6C-1A85D277E877}"
EndProject
Project("{2150E333-8FDC-42A3-9474-1A3956D46DE8}") = "面向对象相关", "面向对象相关", "{7C733558-5C54-4045-AFBA-3FBB332A1F16}"
EndProject
Project("{9A19103F-16F7-4668-BE54-9A1E7A4F7556}") = "命名空间", "命名空间\命名空间.csproj", "{915735CE-2F22-4AFF-9410-19D2CEFE77AB}"
EndProject
Project("{9A19103F-16F7-4668-BE54-9A1E7A4F7556}") = "万物之父", "万物之父\万物之父.csproj", "{9C210464-5499-44F4-9B73-A43A8089D498}"
EndProject
Project("{9A19103F-16F7-4668-BE54-9A1E7A4F7556}") = "String", "String\String.csproj", "{E5FF29B2-0E92-4A55-B3FF-896522293443}"
EndProject
Project("{9A19103F-16F7-4668-BE54-9A1E7A4F7556}") = "StringBuilder", "StringBuilder\StringBuilder.csproj", "{A091B224-A8BF-4FE4-B574-1970AE7D7E5F}"
EndProject
Project("{2150E333-8FDC-42A3-9474-1A3956D46DE8}") = "进阶", "进阶", "{ACF60CBB-5692-4EF5-B1CF-BE123D1C0E54}"
EndProject
Project("{9A19103F-16F7-4668-BE54-9A1E7A4F7556}") = "ArrayList动态数组", "ArrayList\ArrayList动态数组.csproj", "{6AACC1F8-8A68-4EB0-A80F-46C4E19535CC}"
EndProject
Project("{9A19103F-16F7-4668-BE54-9A1E7A4F7556}") = "Stack栈", "Stack\Stack栈.csproj", "{07731173-958B-416B-A20A-EB91C3C3B2BB}"
EndProject
Project("{9A19103F-16F7-4668-BE54-9A1E7A4F7556}") = "Queue队列", "Queue\Queue队列.csproj", "{51BAB1C1-6FAE-4B67-A63E-5F16F6D7CB53}"
EndProject
Project("{9A19103F-16F7-4668-BE54-9A1E7A4F7556}") = "Hashtable散列表", "Hashtable\Hashtable散列表.csproj", "{B3D61C54-8F9E-42E9-9700-6FF42E787CA4}"
EndProject
Project("{9A19103F-16F7-4668-BE54-9A1E7A4F7556}") = "泛型", "泛型\泛型.csproj", "{78065A34-9F18-4593-992C-6D9CEC9C5B94}"
EndProject
Project("{9A19103F-16F7-4668-BE54-9A1E7A4F7556}") = "泛型约束", "泛型约束\泛型约束.csproj", "{1620498C-D588-4E44-BD50-4AE33A15CD10}"
EndProject
Project("{9A19103F-16F7-4668-BE54-9A1E7A4F7556}") = "List", "List\List.csproj", "{A3035CF3-2BC9-4262-9BF5-602ABA360754}"
EndProject
Project("{9A19103F-16F7-4668-BE54-9A1E7A4F7556}") = "Dictionary", "Dictionary\Dictionary.csproj", "{8E433CA3-AD51-4DEC-9296-883674D94089}"
EndProject
Project("{9A19103F-16F7-4668-BE54-9A1E7A4F7556}") = "顺序存储和链式存储", "顺序存储和链式存储\顺序存储和链式存储.csproj", "{BC1D1589-71F2-4E18-9D98-633323C1BAF8}"
EndProject
Project("{9A19103F-16F7-4668-BE54-9A1E7A4F7556}") = "LinkedList", "LinkedList\LinkedList.csproj", "{09A69802-F1A6-41B5-9DE7-965821183F10}"
EndProject
Project("{9A19103F-16F7-4668-BE54-9A1E7A4F7556}") = "泛型栈和队列", "泛型栈和队列\泛型栈和队列.csproj", "{378F2A1E-1A76-4A4A-A9AD-2F8BEDA7916B}"
EndProject
Project("{9A19103F-16F7-4668-BE54-9A1E7A4F7556}") = "委托", "委托\委托.csproj", "{6B0CAB73-A27C-42FF-8929-B660A486BCB1}"
EndProject
Project("{9A19103F-16F7-4668-BE54-9A1E7A4F7556}") = "Event", "Event\Event.csproj", "{B7E3C8F4-5E06-42A7-93D2-DB6F7B927999}"
EndProject
Project("{FAE04EC0-301F-11D3-BF4B-00C04F79EFBC}") = "匿名函数", "匿名函数\匿名函数.csproj", "{CEFF65FD-A20C-4B01-8DC9-5D0BB08B0C92}"
EndProject
Project("{FAE04EC0-301F-11D3-BF4B-00C04F79EFBC}") = "lambad表达式", "lambad表达式\lambad表达式.csproj", "{8E9B7118-CCD0-4271-97D4-6F6209E020CD}"
EndProject
Global
	GlobalSection(SolutionConfigurationPlatforms) = preSolution
		Debug|Any CPU = Debug|Any CPU
		Release|Any CPU = Release|Any CPU
	EndGlobalSection
	GlobalSection(ProjectConfigurationPlatforms) = postSolution
		{B173CF3D-7D23-47DE-9314-72B9CADF3D84}.Debug|Any CPU.ActiveCfg = Debug|Any CPU
		{B173CF3D-7D23-47DE-9314-72B9CADF3D84}.Debug|Any CPU.Build.0 = Debug|Any CPU
		{B173CF3D-7D23-47DE-9314-72B9CADF3D84}.Release|Any CPU.ActiveCfg = Release|Any CPU
		{B173CF3D-7D23-47DE-9314-72B9CADF3D84}.Release|Any CPU.Build.0 = Release|Any CPU
		{C5E27599-E257-4CEF-BC9A-E6D07D822B02}.Debug|Any CPU.ActiveCfg = Debug|Any CPU
		{C5E27599-E257-4CEF-BC9A-E6D07D822B02}.Debug|Any CPU.Build.0 = Debug|Any CPU
		{C5E27599-E257-4CEF-BC9A-E6D07D822B02}.Release|Any CPU.ActiveCfg = Release|Any CPU
		{C5E27599-E257-4CEF-BC9A-E6D07D822B02}.Release|Any CPU.Build.0 = Release|Any CPU
		{3FD763D5-9A53-4E43-88EA-70C991F47578}.Debug|Any CPU.ActiveCfg = Debug|Any CPU
		{3FD763D5-9A53-4E43-88EA-70C991F47578}.Debug|Any CPU.Build.0 = Debug|Any CPU
		{3FD763D5-9A53-4E43-88EA-70C991F47578}.Release|Any CPU.ActiveCfg = Release|Any CPU
		{3FD763D5-9A53-4E43-88EA-70C991F47578}.Release|Any CPU.Build.0 = Release|Any CPU
		{ABB58FCF-67FB-4D91-8BFF-4A16A8D23D1A}.Debug|Any CPU.ActiveCfg = Debug|Any CPU
		{ABB58FCF-67FB-4D91-8BFF-4A16A8D23D1A}.Debug|Any CPU.Build.0 = Debug|Any CPU
		{ABB58FCF-67FB-4D91-8BFF-4A16A8D23D1A}.Release|Any CPU.ActiveCfg = Release|Any CPU
		{ABB58FCF-67FB-4D91-8BFF-4A16A8D23D1A}.Release|Any CPU.Build.0 = Release|Any CPU
		{A6817D96-5131-45D7-962B-8AB5E5B84D56}.Debug|Any CPU.ActiveCfg = Debug|Any CPU
		{A6817D96-5131-45D7-962B-8AB5E5B84D56}.Debug|Any CPU.Build.0 = Debug|Any CPU
		{A6817D96-5131-45D7-962B-8AB5E5B84D56}.Release|Any CPU.ActiveCfg = Release|Any CPU
		{A6817D96-5131-45D7-962B-8AB5E5B84D56}.Release|Any CPU.Build.0 = Release|Any CPU
		{7E6C6916-7EE1-49E4-BBB2-A8013FD054ED}.Debug|Any CPU.ActiveCfg = Debug|Any CPU
		{7E6C6916-7EE1-49E4-BBB2-A8013FD054ED}.Debug|Any CPU.Build.0 = Debug|Any CPU
		{7E6C6916-7EE1-49E4-BBB2-A8013FD054ED}.Release|Any CPU.ActiveCfg = Release|Any CPU
		{7E6C6916-7EE1-49E4-BBB2-A8013FD054ED}.Release|Any CPU.Build.0 = Release|Any CPU
		{D1D2B13F-9E7E-45C0-8A3A-DACC17B6F9A3}.Debug|Any CPU.ActiveCfg = Debug|Any CPU
		{D1D2B13F-9E7E-45C0-8A3A-DACC17B6F9A3}.Debug|Any CPU.Build.0 = Debug|Any CPU
		{D1D2B13F-9E7E-45C0-8A3A-DACC17B6F9A3}.Release|Any CPU.ActiveCfg = Release|Any CPU
		{D1D2B13F-9E7E-45C0-8A3A-DACC17B6F9A3}.Release|Any CPU.Build.0 = Release|Any CPU
		{B3D2EFBD-76F1-46A4-871B-F310B3F87773}.Debug|Any CPU.ActiveCfg = Debug|Any CPU
		{B3D2EFBD-76F1-46A4-871B-F310B3F87773}.Debug|Any CPU.Build.0 = Debug|Any CPU
		{B3D2EFBD-76F1-46A4-871B-F310B3F87773}.Release|Any CPU.ActiveCfg = Release|Any CPU
		{B3D2EFBD-76F1-46A4-871B-F310B3F87773}.Release|Any CPU.Build.0 = Release|Any CPU
		{6FDC9501-3F03-4147-8874-3A3548BA6849}.Debug|Any CPU.ActiveCfg = Debug|Any CPU
		{6FDC9501-3F03-4147-8874-3A3548BA6849}.Debug|Any CPU.Build.0 = Debug|Any CPU
		{6FDC9501-3F03-4147-8874-3A3548BA6849}.Release|Any CPU.ActiveCfg = Release|Any CPU
		{6FDC9501-3F03-4147-8874-3A3548BA6849}.Release|Any CPU.Build.0 = Release|Any CPU
		{A9FF1F6F-E70F-49C9-A72F-B1ADB6C5DD56}.Debug|Any CPU.ActiveCfg = Debug|Any CPU
		{A9FF1F6F-E70F-49C9-A72F-B1ADB6C5DD56}.Debug|Any CPU.Build.0 = Debug|Any CPU
		{A9FF1F6F-E70F-49C9-A72F-B1ADB6C5DD56}.Release|Any CPU.ActiveCfg = Release|Any CPU
		{A9FF1F6F-E70F-49C9-A72F-B1ADB6C5DD56}.Release|Any CPU.Build.0 = Release|Any CPU
		{6FF6EB48-BBF9-4426-BC14-4D4855F20FBD}.Debug|Any CPU.ActiveCfg = Debug|Any CPU
		{6FF6EB48-BBF9-4426-BC14-4D4855F20FBD}.Debug|Any CPU.Build.0 = Debug|Any CPU
		{6FF6EB48-BBF9-4426-BC14-4D4855F20FBD}.Release|Any CPU.ActiveCfg = Release|Any CPU
		{6FF6EB48-BBF9-4426-BC14-4D4855F20FBD}.Release|Any CPU.Build.0 = Release|Any CPU
		{68058FD0-84DA-4566-80E0-A6B0F2EAE9A9}.Debug|Any CPU.ActiveCfg = Debug|Any CPU
		{68058FD0-84DA-4566-80E0-A6B0F2EAE9A9}.Debug|Any CPU.Build.0 = Debug|Any CPU
		{68058FD0-84DA-4566-80E0-A6B0F2EAE9A9}.Release|Any CPU.ActiveCfg = Release|Any CPU
		{68058FD0-84DA-4566-80E0-A6B0F2EAE9A9}.Release|Any CPU.Build.0 = Release|Any CPU
		{5327FF3D-C2C8-4DDF-9080-49CFDDEF6D6B}.Debug|Any CPU.ActiveCfg = Debug|Any CPU
		{5327FF3D-C2C8-4DDF-9080-49CFDDEF6D6B}.Debug|Any CPU.Build.0 = Debug|Any CPU
		{5327FF3D-C2C8-4DDF-9080-49CFDDEF6D6B}.Release|Any CPU.ActiveCfg = Release|Any CPU
		{5327FF3D-C2C8-4DDF-9080-49CFDDEF6D6B}.Release|Any CPU.Build.0 = Release|Any CPU
		{5624C001-35B4-41EB-92BF-F46DC7E71BA0}.Debug|Any CPU.ActiveCfg = Debug|Any CPU
		{5624C001-35B4-41EB-92BF-F46DC7E71BA0}.Debug|Any CPU.Build.0 = Debug|Any CPU
		{5624C001-35B4-41EB-92BF-F46DC7E71BA0}.Release|Any CPU.ActiveCfg = Release|Any CPU
		{5624C001-35B4-41EB-92BF-F46DC7E71BA0}.Release|Any CPU.Build.0 = Release|Any CPU
		{6DD0F497-6958-47BF-9B6F-C144A27C58C9}.Debug|Any CPU.ActiveCfg = Debug|Any CPU
		{6DD0F497-6958-47BF-9B6F-C144A27C58C9}.Debug|Any CPU.Build.0 = Debug|Any CPU
		{6DD0F497-6958-47BF-9B6F-C144A27C58C9}.Release|Any CPU.ActiveCfg = Release|Any CPU
		{6DD0F497-6958-47BF-9B6F-C144A27C58C9}.Release|Any CPU.Build.0 = Release|Any CPU
		{E1786837-31D9-451D-A3A6-D48F3517BC60}.Debug|Any CPU.ActiveCfg = Debug|Any CPU
		{E1786837-31D9-451D-A3A6-D48F3517BC60}.Debug|Any CPU.Build.0 = Debug|Any CPU
		{E1786837-31D9-451D-A3A6-D48F3517BC60}.Release|Any CPU.ActiveCfg = Release|Any CPU
		{E1786837-31D9-451D-A3A6-D48F3517BC60}.Release|Any CPU.Build.0 = Release|Any CPU
		{257ED76B-512A-4DA9-85A4-490D0A1937F8}.Debug|Any CPU.ActiveCfg = Debug|Any CPU
		{257ED76B-512A-4DA9-85A4-490D0A1937F8}.Debug|Any CPU.Build.0 = Debug|Any CPU
		{257ED76B-512A-4DA9-85A4-490D0A1937F8}.Release|Any CPU.ActiveCfg = Release|Any CPU
		{257ED76B-512A-4DA9-85A4-490D0A1937F8}.Release|Any CPU.Build.0 = Release|Any CPU
		{4EDAFB21-A928-47D7-8DE6-D57AB6DCBEBD}.Debug|Any CPU.ActiveCfg = Debug|Any CPU
		{4EDAFB21-A928-47D7-8DE6-D57AB6DCBEBD}.Debug|Any CPU.Build.0 = Debug|Any CPU
		{4EDAFB21-A928-47D7-8DE6-D57AB6DCBEBD}.Release|Any CPU.ActiveCfg = Release|Any CPU
		{4EDAFB21-A928-47D7-8DE6-D57AB6DCBEBD}.Release|Any CPU.Build.0 = Release|Any CPU
		{5B6AE497-1D98-4218-B912-42B37D63F578}.Debug|Any CPU.ActiveCfg = Debug|Any CPU
		{5B6AE497-1D98-4218-B912-42B37D63F578}.Debug|Any CPU.Build.0 = Debug|Any CPU
		{5B6AE497-1D98-4218-B912-42B37D63F578}.Release|Any CPU.ActiveCfg = Release|Any CPU
		{5B6AE497-1D98-4218-B912-42B37D63F578}.Release|Any CPU.Build.0 = Release|Any CPU
		{7F525175-9806-4B78-935F-C1A191AD91A0}.Debug|Any CPU.ActiveCfg = Debug|Any CPU
		{7F525175-9806-4B78-935F-C1A191AD91A0}.Debug|Any CPU.Build.0 = Debug|Any CPU
		{7F525175-9806-4B78-935F-C1A191AD91A0}.Release|Any CPU.ActiveCfg = Release|Any CPU
		{7F525175-9806-4B78-935F-C1A191AD91A0}.Release|Any CPU.Build.0 = Release|Any CPU
		{C5B3F7A7-9AE3-4AD3-8CDF-8685B5E6DCCD}.Debug|Any CPU.ActiveCfg = Debug|Any CPU
		{C5B3F7A7-9AE3-4AD3-8CDF-8685B5E6DCCD}.Debug|Any CPU.Build.0 = Debug|Any CPU
		{C5B3F7A7-9AE3-4AD3-8CDF-8685B5E6DCCD}.Release|Any CPU.ActiveCfg = Release|Any CPU
		{C5B3F7A7-9AE3-4AD3-8CDF-8685B5E6DCCD}.Release|Any CPU.Build.0 = Release|Any CPU
		{70490983-FBDC-4CEF-81CE-CBF46612D66C}.Debug|Any CPU.ActiveCfg = Debug|Any CPU
		{70490983-FBDC-4CEF-81CE-CBF46612D66C}.Debug|Any CPU.Build.0 = Debug|Any CPU
		{70490983-FBDC-4CEF-81CE-CBF46612D66C}.Release|Any CPU.ActiveCfg = Release|Any CPU
		{70490983-FBDC-4CEF-81CE-CBF46612D66C}.Release|Any CPU.Build.0 = Release|Any CPU
		{C7167E54-F730-4463-A21F-AEB65E17ADD0}.Debug|Any CPU.ActiveCfg = Debug|Any CPU
		{C7167E54-F730-4463-A21F-AEB65E17ADD0}.Debug|Any CPU.Build.0 = Debug|Any CPU
		{C7167E54-F730-4463-A21F-AEB65E17ADD0}.Release|Any CPU.ActiveCfg = Release|Any CPU
		{C7167E54-F730-4463-A21F-AEB65E17ADD0}.Release|Any CPU.Build.0 = Release|Any CPU
		{2F2D1102-0CBF-42F5-A160-D8533616B04E}.Debug|Any CPU.ActiveCfg = Debug|Any CPU
		{2F2D1102-0CBF-42F5-A160-D8533616B04E}.Debug|Any CPU.Build.0 = Debug|Any CPU
		{2F2D1102-0CBF-42F5-A160-D8533616B04E}.Release|Any CPU.ActiveCfg = Release|Any CPU
		{2F2D1102-0CBF-42F5-A160-D8533616B04E}.Release|Any CPU.Build.0 = Release|Any CPU
		{5FEEF1EA-3448-4A87-9C6C-1A85D277E877}.Debug|Any CPU.ActiveCfg = Debug|Any CPU
		{5FEEF1EA-3448-4A87-9C6C-1A85D277E877}.Debug|Any CPU.Build.0 = Debug|Any CPU
		{5FEEF1EA-3448-4A87-9C6C-1A85D277E877}.Release|Any CPU.ActiveCfg = Release|Any CPU
		{5FEEF1EA-3448-4A87-9C6C-1A85D277E877}.Release|Any CPU.Build.0 = Release|Any CPU
		{915735CE-2F22-4AFF-9410-19D2CEFE77AB}.Debug|Any CPU.ActiveCfg = Debug|Any CPU
		{915735CE-2F22-4AFF-9410-19D2CEFE77AB}.Debug|Any CPU.Build.0 = Debug|Any CPU
		{915735CE-2F22-4AFF-9410-19D2CEFE77AB}.Release|Any CPU.ActiveCfg = Release|Any CPU
		{915735CE-2F22-4AFF-9410-19D2CEFE77AB}.Release|Any CPU.Build.0 = Release|Any CPU
		{9C210464-5499-44F4-9B73-A43A8089D498}.Debug|Any CPU.ActiveCfg = Debug|Any CPU
		{9C210464-5499-44F4-9B73-A43A8089D498}.Debug|Any CPU.Build.0 = Debug|Any CPU
		{9C210464-5499-44F4-9B73-A43A8089D498}.Release|Any CPU.ActiveCfg = Release|Any CPU
		{9C210464-5499-44F4-9B73-A43A8089D498}.Release|Any CPU.Build.0 = Release|Any CPU
		{E5FF29B2-0E92-4A55-B3FF-896522293443}.Debug|Any CPU.ActiveCfg = Debug|Any CPU
		{E5FF29B2-0E92-4A55-B3FF-896522293443}.Debug|Any CPU.Build.0 = Debug|Any CPU
		{E5FF29B2-0E92-4A55-B3FF-896522293443}.Release|Any CPU.ActiveCfg = Release|Any CPU
		{E5FF29B2-0E92-4A55-B3FF-896522293443}.Release|Any CPU.Build.0 = Release|Any CPU
		{A091B224-A8BF-4FE4-B574-1970AE7D7E5F}.Debug|Any CPU.ActiveCfg = Debug|Any CPU
		{A091B224-A8BF-4FE4-B574-1970AE7D7E5F}.Debug|Any CPU.Build.0 = Debug|Any CPU
		{A091B224-A8BF-4FE4-B574-1970AE7D7E5F}.Release|Any CPU.ActiveCfg = Release|Any CPU
		{A091B224-A8BF-4FE4-B574-1970AE7D7E5F}.Release|Any CPU.Build.0 = Release|Any CPU
		{6AACC1F8-8A68-4EB0-A80F-46C4E19535CC}.Debug|Any CPU.ActiveCfg = Debug|Any CPU
		{6AACC1F8-8A68-4EB0-A80F-46C4E19535CC}.Debug|Any CPU.Build.0 = Debug|Any CPU
		{6AACC1F8-8A68-4EB0-A80F-46C4E19535CC}.Release|Any CPU.ActiveCfg = Release|Any CPU
		{6AACC1F8-8A68-4EB0-A80F-46C4E19535CC}.Release|Any CPU.Build.0 = Release|Any CPU
		{07731173-958B-416B-A20A-EB91C3C3B2BB}.Debug|Any CPU.ActiveCfg = Debug|Any CPU
		{07731173-958B-416B-A20A-EB91C3C3B2BB}.Debug|Any CPU.Build.0 = Debug|Any CPU
		{07731173-958B-416B-A20A-EB91C3C3B2BB}.Release|Any CPU.ActiveCfg = Release|Any CPU
		{07731173-958B-416B-A20A-EB91C3C3B2BB}.Release|Any CPU.Build.0 = Release|Any CPU
		{51BAB1C1-6FAE-4B67-A63E-5F16F6D7CB53}.Debug|Any CPU.ActiveCfg = Debug|Any CPU
		{51BAB1C1-6FAE-4B67-A63E-5F16F6D7CB53}.Debug|Any CPU.Build.0 = Debug|Any CPU
		{51BAB1C1-6FAE-4B67-A63E-5F16F6D7CB53}.Release|Any CPU.ActiveCfg = Release|Any CPU
		{51BAB1C1-6FAE-4B67-A63E-5F16F6D7CB53}.Release|Any CPU.Build.0 = Release|Any CPU
		{B3D61C54-8F9E-42E9-9700-6FF42E787CA4}.Debug|Any CPU.ActiveCfg = Debug|Any CPU
		{B3D61C54-8F9E-42E9-9700-6FF42E787CA4}.Debug|Any CPU.Build.0 = Debug|Any CPU
		{B3D61C54-8F9E-42E9-9700-6FF42E787CA4}.Release|Any CPU.ActiveCfg = Release|Any CPU
		{B3D61C54-8F9E-42E9-9700-6FF42E787CA4}.Release|Any CPU.Build.0 = Release|Any CPU
		{78065A34-9F18-4593-992C-6D9CEC9C5B94}.Debug|Any CPU.ActiveCfg = Debug|Any CPU
		{78065A34-9F18-4593-992C-6D9CEC9C5B94}.Debug|Any CPU.Build.0 = Debug|Any CPU
		{78065A34-9F18-4593-992C-6D9CEC9C5B94}.Release|Any CPU.ActiveCfg = Release|Any CPU
		{78065A34-9F18-4593-992C-6D9CEC9C5B94}.Release|Any CPU.Build.0 = Release|Any CPU
		{1620498C-D588-4E44-BD50-4AE33A15CD10}.Debug|Any CPU.ActiveCfg = Debug|Any CPU
		{1620498C-D588-4E44-BD50-4AE33A15CD10}.Debug|Any CPU.Build.0 = Debug|Any CPU
		{1620498C-D588-4E44-BD50-4AE33A15CD10}.Release|Any CPU.ActiveCfg = Release|Any CPU
		{1620498C-D588-4E44-BD50-4AE33A15CD10}.Release|Any CPU.Build.0 = Release|Any CPU
		{A3035CF3-2BC9-4262-9BF5-602ABA360754}.Debug|Any CPU.ActiveCfg = Debug|Any CPU
		{A3035CF3-2BC9-4262-9BF5-602ABA360754}.Debug|Any CPU.Build.0 = Debug|Any CPU
		{A3035CF3-2BC9-4262-9BF5-602ABA360754}.Release|Any CPU.ActiveCfg = Release|Any CPU
		{A3035CF3-2BC9-4262-9BF5-602ABA360754}.Release|Any CPU.Build.0 = Release|Any CPU
		{8E433CA3-AD51-4DEC-9296-883674D94089}.Debug|Any CPU.ActiveCfg = Debug|Any CPU
		{8E433CA3-AD51-4DEC-9296-883674D94089}.Debug|Any CPU.Build.0 = Debug|Any CPU
		{8E433CA3-AD51-4DEC-9296-883674D94089}.Release|Any CPU.ActiveCfg = Release|Any CPU
		{8E433CA3-AD51-4DEC-9296-883674D94089}.Release|Any CPU.Build.0 = Release|Any CPU
		{BC1D1589-71F2-4E18-9D98-633323C1BAF8}.Debug|Any CPU.ActiveCfg = Debug|Any CPU
		{BC1D1589-71F2-4E18-9D98-633323C1BAF8}.Debug|Any CPU.Build.0 = Debug|Any CPU
		{BC1D1589-71F2-4E18-9D98-633323C1BAF8}.Release|Any CPU.ActiveCfg = Release|Any CPU
		{BC1D1589-71F2-4E18-9D98-633323C1BAF8}.Release|Any CPU.Build.0 = Release|Any CPU
		{09A69802-F1A6-41B5-9DE7-965821183F10}.Debug|Any CPU.ActiveCfg = Debug|Any CPU
		{09A69802-F1A6-41B5-9DE7-965821183F10}.Debug|Any CPU.Build.0 = Debug|Any CPU
		{09A69802-F1A6-41B5-9DE7-965821183F10}.Release|Any CPU.ActiveCfg = Release|Any CPU
		{09A69802-F1A6-41B5-9DE7-965821183F10}.Release|Any CPU.Build.0 = Release|Any CPU
		{378F2A1E-1A76-4A4A-A9AD-2F8BEDA7916B}.Debug|Any CPU.ActiveCfg = Debug|Any CPU
		{378F2A1E-1A76-4A4A-A9AD-2F8BEDA7916B}.Debug|Any CPU.Build.0 = Debug|Any CPU
		{378F2A1E-1A76-4A4A-A9AD-2F8BEDA7916B}.Release|Any CPU.ActiveCfg = Release|Any CPU
		{378F2A1E-1A76-4A4A-A9AD-2F8BEDA7916B}.Release|Any CPU.Build.0 = Release|Any CPU
		{6B0CAB73-A27C-42FF-8929-B660A486BCB1}.Debug|Any CPU.ActiveCfg = Debug|Any CPU
		{6B0CAB73-A27C-42FF-8929-B660A486BCB1}.Debug|Any CPU.Build.0 = Debug|Any CPU
		{6B0CAB73-A27C-42FF-8929-B660A486BCB1}.Release|Any CPU.ActiveCfg = Release|Any CPU
		{6B0CAB73-A27C-42FF-8929-B660A486BCB1}.Release|Any CPU.Build.0 = Release|Any CPU
		{B7E3C8F4-5E06-42A7-93D2-DB6F7B927999}.Debug|Any CPU.ActiveCfg = Debug|Any CPU
		{B7E3C8F4-5E06-42A7-93D2-DB6F7B927999}.Debug|Any CPU.Build.0 = Debug|Any CPU
		{B7E3C8F4-5E06-42A7-93D2-DB6F7B927999}.Release|Any CPU.ActiveCfg = Release|Any CPU
		{B7E3C8F4-5E06-42A7-93D2-DB6F7B927999}.Release|Any CPU.Build.0 = Release|Any CPU
		{CEFF65FD-A20C-4B01-8DC9-5D0BB08B0C92}.Debug|Any CPU.ActiveCfg = Debug|Any CPU
		{CEFF65FD-A20C-4B01-8DC9-5D0BB08B0C92}.Debug|Any CPU.Build.0 = Debug|Any CPU
		{CEFF65FD-A20C-4B01-8DC9-5D0BB08B0C92}.Release|Any CPU.ActiveCfg = Release|Any CPU
		{CEFF65FD-A20C-4B01-8DC9-5D0BB08B0C92}.Release|Any CPU.Build.0 = Release|Any CPU
		{8E9B7118-CCD0-4271-97D4-6F6209E020CD}.Debug|Any CPU.ActiveCfg = Debug|Any CPU
		{8E9B7118-CCD0-4271-97D4-6F6209E020CD}.Debug|Any CPU.Build.0 = Debug|Any CPU
		{8E9B7118-CCD0-4271-97D4-6F6209E020CD}.Release|Any CPU.ActiveCfg = Release|Any CPU
		{8E9B7118-CCD0-4271-97D4-6F6209E020CD}.Release|Any CPU.Build.0 = Release|Any CPU
	EndGlobalSection
	GlobalSection(SolutionProperties) = preSolution
		HideSolutionNode = FALSE
	EndGlobalSection
	GlobalSection(NestedProjects) = preSolution
		{B173CF3D-7D23-47DE-9314-72B9CADF3D84} = {C2C2CE63-E0E6-491B-A1F5-A8B0188AA52D}
		{C5E27599-E257-4CEF-BC9A-E6D07D822B02} = {C2C2CE63-E0E6-491B-A1F5-A8B0188AA52D}
		{3FD763D5-9A53-4E43-88EA-70C991F47578} = {C2C2CE63-E0E6-491B-A1F5-A8B0188AA52D}
		{ABB58FCF-67FB-4D91-8BFF-4A16A8D23D1A} = {C2C2CE63-E0E6-491B-A1F5-A8B0188AA52D}
		{A6817D96-5131-45D7-962B-8AB5E5B84D56} = {C2C2CE63-E0E6-491B-A1F5-A8B0188AA52D}
		{D1D2B13F-9E7E-45C0-8A3A-DACC17B6F9A3} = {C2C2CE63-E0E6-491B-A1F5-A8B0188AA52D}
		{6FDC9501-3F03-4147-8874-3A3548BA6849} = {4FC92838-0715-46BF-B785-A569E6AD59FB}
		{6FF6EB48-BBF9-4426-BC14-4D4855F20FBD} = {4FC92838-0715-46BF-B785-A569E6AD59FB}
		{68058FD0-84DA-4566-80E0-A6B0F2EAE9A9} = {4FC92838-0715-46BF-B785-A569E6AD59FB}
		{5327FF3D-C2C8-4DDF-9080-49CFDDEF6D6B} = {4FC92838-0715-46BF-B785-A569E6AD59FB}
		{5624C001-35B4-41EB-92BF-F46DC7E71BA0} = {4FC92838-0715-46BF-B785-A569E6AD59FB}
		{6DD0F497-6958-47BF-9B6F-C144A27C58C9} = {4FC92838-0715-46BF-B785-A569E6AD59FB}
		{E1786837-31D9-451D-A3A6-D48F3517BC60} = {4FC92838-0715-46BF-B785-A569E6AD59FB}
		{257ED76B-512A-4DA9-85A4-490D0A1937F8} = {4FC92838-0715-46BF-B785-A569E6AD59FB}
		{4FC92838-0715-46BF-B785-A569E6AD59FB} = {B6E560F1-0071-4B2D-BF2A-B4235E2A7C1C}
		{B421693E-7DD2-43A9-827B-C89EF332B867} = {B6E560F1-0071-4B2D-BF2A-B4235E2A7C1C}
		{677D5D24-E1D2-4F78-BAE0-F94446FEEABF} = {B6E560F1-0071-4B2D-BF2A-B4235E2A7C1C}
		{4EDAFB21-A928-47D7-8DE6-D57AB6DCBEBD} = {B421693E-7DD2-43A9-827B-C89EF332B867}
		{5B6AE497-1D98-4218-B912-42B37D63F578} = {B421693E-7DD2-43A9-827B-C89EF332B867}
		{7F525175-9806-4B78-935F-C1A191AD91A0} = {B421693E-7DD2-43A9-827B-C89EF332B867}
		{C5B3F7A7-9AE3-4AD3-8CDF-8685B5E6DCCD} = {B421693E-7DD2-43A9-827B-C89EF332B867}
		{70490983-FBDC-4CEF-81CE-CBF46612D66C} = {B421693E-7DD2-43A9-827B-C89EF332B867}
		{C7167E54-F730-4463-A21F-AEB65E17ADD0} = {677D5D24-E1D2-4F78-BAE0-F94446FEEABF}
		{2F2D1102-0CBF-42F5-A160-D8533616B04E} = {677D5D24-E1D2-4F78-BAE0-F94446FEEABF}
		{5FEEF1EA-3448-4A87-9C6C-1A85D277E877} = {677D5D24-E1D2-4F78-BAE0-F94446FEEABF}
		{7C733558-5C54-4045-AFBA-3FBB332A1F16} = {B6E560F1-0071-4B2D-BF2A-B4235E2A7C1C}
		{915735CE-2F22-4AFF-9410-19D2CEFE77AB} = {7C733558-5C54-4045-AFBA-3FBB332A1F16}
		{9C210464-5499-44F4-9B73-A43A8089D498} = {7C733558-5C54-4045-AFBA-3FBB332A1F16}
		{E5FF29B2-0E92-4A55-B3FF-896522293443} = {7C733558-5C54-4045-AFBA-3FBB332A1F16}
		{A091B224-A8BF-4FE4-B574-1970AE7D7E5F} = {7C733558-5C54-4045-AFBA-3FBB332A1F16}
		{6AACC1F8-8A68-4EB0-A80F-46C4E19535CC} = {ACF60CBB-5692-4EF5-B1CF-BE123D1C0E54}
		{07731173-958B-416B-A20A-EB91C3C3B2BB} = {ACF60CBB-5692-4EF5-B1CF-BE123D1C0E54}
		{51BAB1C1-6FAE-4B67-A63E-5F16F6D7CB53} = {ACF60CBB-5692-4EF5-B1CF-BE123D1C0E54}
		{B3D61C54-8F9E-42E9-9700-6FF42E787CA4} = {ACF60CBB-5692-4EF5-B1CF-BE123D1C0E54}
		{78065A34-9F18-4593-992C-6D9CEC9C5B94} = {ACF60CBB-5692-4EF5-B1CF-BE123D1C0E54}
		{1620498C-D588-4E44-BD50-4AE33A15CD10} = {ACF60CBB-5692-4EF5-B1CF-BE123D1C0E54}
		{A3035CF3-2BC9-4262-9BF5-602ABA360754} = {ACF60CBB-5692-4EF5-B1CF-BE123D1C0E54}
		{8E433CA3-AD51-4DEC-9296-883674D94089} = {ACF60CBB-5692-4EF5-B1CF-BE123D1C0E54}
		{BC1D1589-71F2-4E18-9D98-633323C1BAF8} = {ACF60CBB-5692-4EF5-B1CF-BE123D1C0E54}
		{09A69802-F1A6-41B5-9DE7-965821183F10} = {ACF60CBB-5692-4EF5-B1CF-BE123D1C0E54}
		{378F2A1E-1A76-4A4A-A9AD-2F8BEDA7916B} = {ACF60CBB-5692-4EF5-B1CF-BE123D1C0E54}
		{6B0CAB73-A27C-42FF-8929-B660A486BCB1} = {ACF60CBB-5692-4EF5-B1CF-BE123D1C0E54}
		{B7E3C8F4-5E06-42A7-93D2-DB6F7B927999} = {ACF60CBB-5692-4EF5-B1CF-BE123D1C0E54}
		{CEFF65FD-A20C-4B01-8DC9-5D0BB08B0C92} = {ACF60CBB-5692-4EF5-B1CF-BE123D1C0E54}
		{8E9B7118-CCD0-4271-97D4-6F6209E020CD} = {ACF60CBB-5692-4EF5-B1CF-BE123D1C0E54}
	EndGlobalSection
	GlobalSection(ExtensibilityGlobals) = postSolution
		SolutionGuid = {E61C8681-BBFA-46E5-AEBB-E261692EC522}
	EndGlobalSection
EndGlobal
